
Microsoft Visual Studio Solution File, Format Version 12.00
# Visual Studio 15
VisualStudioVersion = 15.0.34112.143
MinimumVisualStudioVersion = 10.0.40219.1
Project("{8BC9CEB8-8B4A-11D0-8D11-00A0C91BC942}") = "EVCode", "EVCode\EVCode.vcxproj", "{D55FB530-8B05-4629-BD8E-194A9F7399AC}"
EndProject
Project("{8BC9CEB8-8B4A-11D0-8D11-00A0C91BC942}") = "juce", "juce\juce.vcxproj", "{4B8C5E62-4FF6-37E1-85E0-EF21722A78EA}"
EndProject
Project("{8BC9CEB8-8B4A-11D0-8D11-00A0C91BC942}") = "KilaLog", "KilaLog\KilaLog.vcxproj", "{E97EF8B8-78AE-45EA-A010-EE57940753BF}"
EndProject
Project("{8BC9CEB8-8B4A-11D0-8D11-00A0C91BC942}") = "KilaMain", "KilaMain\KilaMain.vcxproj", "{56140C62-913A-4B4E-993B-CA0C5A7B2FCC}"
EndProject
Project("{8BC9CEB8-8B4A-11D0-8D11-00A0C91BC942}") = "KilaHtmlProcess", "KilaHtmlProcess\KilaHtmlProcess.vcxproj", "{BB58A037-7F5A-4598-AA8C-BB4EBFE976A3}"
EndProject
Global
	GlobalSection(SolutionConfigurationPlatforms) = preSolution
		Debug|x64 = Debug|x64
		Debug|x86 = Debug|x86
		Release|x64 = Release|x64
		Release|x86 = Release|x86
	EndGlobalSection
	GlobalSection(ProjectConfigurationPlatforms) = postSolution
		{D55FB530-8B05-4629-BD8E-194A9F7399AC}.Debug|x64.ActiveCfg = Debug|x64
		{D55FB530-8B05-4629-BD8E-194A9F7399AC}.Debug|x64.Build.0 = Debug|x64
		{D55FB530-8B05-4629-BD8E-194A9F7399AC}.Debug|x86.ActiveCfg = Debug|Win32
		{D55FB530-8B05-4629-BD8E-194A9F7399AC}.Debug|x86.Build.0 = Debug|Win32
		{D55FB530-8B05-4629-BD8E-194A9F7399AC}.Release|x64.ActiveCfg = Release|x64
		{D55FB530-8B05-4629-BD8E-194A9F7399AC}.Release|x64.Build.0 = Release|x64
		{D55FB530-8B05-4629-BD8E-194A9F7399AC}.Release|x86.ActiveCfg = Release|Win32
		{D55FB530-8B05-4629-BD8E-194A9F7399AC}.Release|x86.Build.0 = Release|Win32
		{4B8C5E62-4FF6-37E1-85E0-EF21722A78EA}.Debug|x64.ActiveCfg = Debug|Win32
		{4B8C5E62-4FF6-37E1-85E0-EF21722A78EA}.Debug|x86.ActiveCfg = Debug|Win32
		{4B8C5E62-4FF6-37E1-85E0-EF21722A78EA}.Debug|x86.Build.0 = Debug|Win32
		{4B8C5E62-4FF6-37E1-85E0-EF21722A78EA}.Release|x64.ActiveCfg = Release|Win32
		{4B8C5E62-4FF6-37E1-85E0-EF21722A78EA}.Release|x86.ActiveCfg = Release|Win32
		{4B8C5E62-4FF6-37E1-85E0-EF21722A78EA}.Release|x86.Build.0 = Release|Win32
		{E97EF8B8-78AE-45EA-A010-EE57940753BF}.Debug|x64.ActiveCfg = Debug|x64
		{E97EF8B8-78AE-45EA-A010-EE57940753BF}.Debug|x64.Build.0 = Debug|x64
		{E97EF8B8-78AE-45EA-A010-EE57940753BF}.Debug|x86.ActiveCfg = Debug|Win32
		{E97EF8B8-78AE-45EA-A010-EE57940753BF}.Debug|x86.Build.0 = Debug|Win32
		{E97EF8B8-78AE-45EA-A010-EE57940753BF}.Release|x64.ActiveCfg = Release|x64
		{E97EF8B8-78AE-45EA-A010-EE57940753BF}.Release|x64.Build.0 = Release|x64
		{E97EF8B8-78AE-45EA-A010-EE57940753BF}.Release|x86.ActiveCfg = Release|Win32
		{E97EF8B8-78AE-45EA-A010-EE57940753BF}.Release|x86.Build.0 = Release|Win32
		{56140C62-913A-4B4E-993B-CA0C5A7B2FCC}.Debug|x64.ActiveCfg = Debug|Win32
		{56140C62-913A-4B4E-993B-CA0C5A7B2FCC}.Debug|x86.ActiveCfg = Debug|Win32
		{56140C62-913A-4B4E-993B-CA0C5A7B2FCC}.Debug|x86.Build.0 = Debug|Win32
		{56140C62-913A-4B4E-993B-CA0C5A7B2FCC}.Release|x64.ActiveCfg = Release|Win32
		{56140C62-913A-4B4E-993B-CA0C5A7B2FCC}.Release|x86.ActiveCfg = Release|Win32
		{56140C62-913A-4B4E-993B-CA0C5A7B2FCC}.Release|x86.Build.0 = Release|Win32
		{BB58A037-7F5A-4598-AA8C-BB4EBFE976A3}.Debug|x64.ActiveCfg = Debug|Win32
		{BB58A037-7F5A-4598-AA8C-BB4EBFE976A3}.Debug|x86.ActiveCfg = Debug|Win32
		{BB58A037-7F5A-4598-AA8C-BB4EBFE976A3}.Debug|x86.Build.0 = Debug|Win32
		{BB58A037-7F5A-4598-AA8C-BB4EBFE976A3}.Release|x64.ActiveCfg = Release|Win32
		{BB58A037-7F5A-4598-AA8C-BB4EBFE976A3}.Release|x86.ActiveCfg = Release|Win32
		{BB58A037-7F5A-4598-AA8C-BB4EBFE976A3}.Release|x86.Build.0 = Release|Win32
	EndGlobalSection
	GlobalSection(SolutionProperties) = preSolution
		HideSolutionNode = FALSE
	EndGlobalSection
	GlobalSection(ExtensibilityGlobals) = postSolution
		SolutionGuid = {F57E385E-BF48-47E6-B2AC-72C5F7F7CE87}
	EndGlobalSection
EndGlobal
