<?xml version="1.0" encoding="utf-8"?>
<Project ToolsVersion="4.0" xmlns="http://schemas.microsoft.com/developer/msbuild/2003">
  <ItemGroup>
    <Filter Include="Resource Files">
      <UniqueIdentifier>{67DA6AB6-F800-4c08-8B7A-83BB121AAD01}</UniqueIdentifier>
      <Extensions>rc;ico;cur;bmp;dlg;rc2;rct;bin;rgs;gif;jpg;jpeg;jpe;resx;tiff;tif;png;wav;mfcribbon-ms</Extensions>
    </Filter>
  </ItemGroup>
  <ItemGroup>
    <ClInclude Include="KilaUtils.h" />
    <ClInclude Include="StringUtil.h" />
    <ClInclude Include="ZipUtil.h" />
    <ClInclude Include="RegistryUtil.h" />
    <ClInclude Include="TimeUtil.h" />
  </ItemGroup>
  <ItemGroup>
    <ClCompile Include="StringUtil.cpp" />
    <ClCompile Include="ZipUtil.cpp" />
    <ClCompile Include="RegistryUtil.cpp" />
    <ClCompile Include="TimeUtil.cpp" />
  </ItemGroup>
</Project>